
Microsoft Visual Studio Solution File, Format Version 12.00
# Visual Studio Version 17
VisualStudioVersion = 17.14.36401.2
MinimumVisualStudioVersion = 10.0.40219.1
Project("{FAE04EC0-301F-11D3-BF4B-00C04F79EFBC}") = "CalcRunner", "CalcRunner\CalcRunner.csproj", "{B13174EA-931D-4ADE-88F4-DD31938738AF}"
EndProject
Project("{FAE04EC0-301F-11D3-BF4B-00C04F79EFBC}") = "GetAllProcesses", "GetAllProcesses\GetAllProcesses.csproj", "{C0C0DF26-A416-42EF-B712-92DAE53126E9}"
EndProject
Project("{2150E333-8FDC-42A3-9474-1A3956D46DE8}") = "Homework", "Homework", "{36D591C7-65C7-A0D1-1CBC-10CDE441BDC8}"
EndProject
Project("{FAE04EC0-301F-11D3-BF4B-00C04F79EFBC}") = "HW1_1.1", "HW1_1.1\HW1_1.1.csproj", "{19B5DCED-0E0C-4DFD-8FDE-5A62FF736DF4}"
EndProject
Project("{FAE04EC0-301F-11D3-BF4B-00C04F79EFBC}") = "HW1_1.2", "HW1_1.2\HW1_1.2.csproj", "{54BAF4B5-2869-45D6-AD38-82D6C7D60ECF}"
EndProject
Project("{FAE04EC0-301F-11D3-BF4B-00C04F79EFBC}") = "HW1_1.3", "HW1_1.3\HW1_1.3.csproj", "{0438FC8F-A32B-4D3B-9676-C4D92AF29175}"
EndProject
Project("{FAE04EC0-301F-11D3-BF4B-00C04F79EFBC}") = "CalculatorApp", "CalculatorApp\CalculatorApp.csproj", "{D8167C88-726E-440D-BD05-13FF7DC7DC51}"
EndProject
Project("{FAE04EC0-301F-11D3-BF4B-00C04F79EFBC}") = "HW1_1.4", "HW1_1.4\HW1_1.4.csproj", "{0DC3DECC-C153-4ED7-8EC7-39A3E3815040}"
EndProject
Project("{FAE04EC0-301F-11D3-BF4B-00C04F79EFBC}") = "FindCountWord", "FindCountWord\FindCountWord.csproj", "{6D2E0C1D-C54D-4BE6-A2AC-E2FA3FED4236}"
EndProject
Project("{2150E333-8FDC-42A3-9474-1A3956D46DE8}") = "ClassWork", "ClassWork", "{A9977326-09C8-4387-81FB-7364FFA0EC42}"
EndProject
Project("{FAE04EC0-301F-11D3-BF4B-00C04F79EFBC}") = "User32dll", "User32dll\User32dll.csproj", "{14049AB4-0842-4C7F-900F-9F08CC3580DB}"
EndProject
Project("{FAE04EC0-301F-11D3-BF4B-00C04F79EFBC}") = "CheckSound", "CheckSound\CheckSound.csproj", "{8E0C41B7-A9E8-441B-BEB7-9743B16D736D}"
EndProject
Project("{FAE04EC0-301F-11D3-BF4B-00C04F79EFBC}") = "Timer", "Timer\Timer.csproj", "{2308B308-E06D-40C7-8695-760B64CA09D1}"
EndProject
Project("{FAE04EC0-301F-11D3-BF4B-00C04F79EFBC}") = "ThreadExample", "ThreadExample\ThreadExample.csproj", "{F9DC3731-AC8B-42FB-85DB-28B676D89EF5}"
EndProject
Project("{FAE04EC0-301F-11D3-BF4B-00C04F79EFBC}") = "JoinThread", "JoinThread\JoinThread.csproj", "{2E5C9787-254C-40BA-80BA-46C768C9CB3C}"
EndProject
Project("{FAE04EC0-301F-11D3-BF4B-00C04F79EFBC}") = "HW_3", "HW_3\HW_3.csproj", "{66CE5746-4E69-43A2-8708-B3A23677D46D}"
EndProject
Project("{FAE04EC0-301F-11D3-BF4B-00C04F79EFBC}") = "CounterWithoutSync", "CounterWithoutSync\CounterWithoutSync.csproj", "{A208F486-5E3B-4754-A6FC-F96F50B88B4F}"
EndProject
Project("{FAE04EC0-301F-11D3-BF4B-00C04F79EFBC}") = "MonitorSync", "MonitorSync\MonitorSync.csproj", "{C215ED2E-306D-4228-8A7B-DEE0758F162D}"
EndProject
Project("{FAE04EC0-301F-11D3-BF4B-00C04F79EFBC}") = "Mutex", "Mutex\Mutex.csproj", "{097A43EA-6D38-46B1-8AAA-F9720C5E5594}"
EndProject
Project("{FAE04EC0-301F-11D3-BF4B-00C04F79EFBC}") = "HW4_AccountsJSON", "AccountsJSON\HW4_AccountsJSON.csproj", "{5E4042A4-7864-40F3-850D-85027190958F}"
EndProject
Project("{FAE04EC0-301F-11D3-BF4B-00C04F79EFBC}") = "ThreadPool", "ThreadPool\ThreadPool.csproj", "{8EEF7553-825C-47FB-97D2-DC47AA945A11}"
EndProject
Project("{FAE04EC0-301F-11D3-BF4B-00C04F79EFBC}") = "ManualResetEventSlim", "ManualResetEventSlim\ManualResetEventSlim.csproj", "{D546BC56-672B-490B-A234-2A95E4ADCD68}"
EndProject
Project("{FAE04EC0-301F-11D3-BF4B-00C04F79EFBC}") = "ParallelExample", "ParallelExample\ParallelExample.csproj", "{A73F8332-38D8-4F1E-BE8B-3FF1459FCD9C}"
EndProject
Project("{FAE04EC0-301F-11D3-BF4B-00C04F79EFBC}") = "ParallelSumMillion", "ParallelSumMillion\ParallelSumMillion.csproj", "{A315BD9D-A232-453B-8799-4CDA684C7933}"
EndProject
Project("{FAE04EC0-301F-11D3-BF4B-00C04F79EFBC}") = "HW5", "Lesson5_ClassWork\HW5.csproj", "{BE6DE3FC-0205-46B9-B957-C2D011E034A0}"
EndProject
Project("{FAE04EC0-301F-11D3-BF4B-00C04F79EFBC}") = "Exam", "Exam\Exam.csproj", "{5D7F3648-F75D-40BD-8A07-69FAE4CD0512}"
EndProject
Project("{FAE04EC0-301F-11D3-BF4B-00C04F79EFBC}") = "BackgroundWorkerSimple", "BackgroundWorkerSimple\BackgroundWorkerSimple.csproj", "{86F1368F-3676-465C-BDB0-C6907DF0ED48}"
EndProject
Project("{FAE04EC0-301F-11D3-BF4B-00C04F79EFBC}") = "WpfApp1", "WpfApp1\WpfApp1.csproj", "{72E59545-E2F4-4B6C-9E8D-2249F40AB804}"
EndProject
Global
	GlobalSection(SolutionConfigurationPlatforms) = preSolution
		Debug|Any CPU = Debug|Any CPU
		Release|Any CPU = Release|Any CPU
	EndGlobalSection
	GlobalSection(ProjectConfigurationPlatforms) = postSolution
		{B13174EA-931D-4ADE-88F4-DD31938738AF}.Debug|Any CPU.ActiveCfg = Debug|Any CPU
		{B13174EA-931D-4ADE-88F4-DD31938738AF}.Debug|Any CPU.Build.0 = Debug|Any CPU
		{B13174EA-931D-4ADE-88F4-DD31938738AF}.Release|Any CPU.ActiveCfg = Release|Any CPU
		{B13174EA-931D-4ADE-88F4-DD31938738AF}.Release|Any CPU.Build.0 = Release|Any CPU
		{C0C0DF26-A416-42EF-B712-92DAE53126E9}.Debug|Any CPU.ActiveCfg = Debug|Any CPU
		{C0C0DF26-A416-42EF-B712-92DAE53126E9}.Debug|Any CPU.Build.0 = Debug|Any CPU
		{C0C0DF26-A416-42EF-B712-92DAE53126E9}.Release|Any CPU.ActiveCfg = Release|Any CPU
		{C0C0DF26-A416-42EF-B712-92DAE53126E9}.Release|Any CPU.Build.0 = Release|Any CPU
		{19B5DCED-0E0C-4DFD-8FDE-5A62FF736DF4}.Debug|Any CPU.ActiveCfg = Debug|Any CPU
		{19B5DCED-0E0C-4DFD-8FDE-5A62FF736DF4}.Debug|Any CPU.Build.0 = Debug|Any CPU
		{19B5DCED-0E0C-4DFD-8FDE-5A62FF736DF4}.Release|Any CPU.ActiveCfg = Release|Any CPU
		{19B5DCED-0E0C-4DFD-8FDE-5A62FF736DF4}.Release|Any CPU.Build.0 = Release|Any CPU
		{54BAF4B5-2869-45D6-AD38-82D6C7D60ECF}.Debug|Any CPU.ActiveCfg = Debug|Any CPU
		{54BAF4B5-2869-45D6-AD38-82D6C7D60ECF}.Debug|Any CPU.Build.0 = Debug|Any CPU
		{54BAF4B5-2869-45D6-AD38-82D6C7D60ECF}.Release|Any CPU.ActiveCfg = Release|Any CPU
		{54BAF4B5-2869-45D6-AD38-82D6C7D60ECF}.Release|Any CPU.Build.0 = Release|Any CPU
		{0438FC8F-A32B-4D3B-9676-C4D92AF29175}.Debug|Any CPU.ActiveCfg = Debug|Any CPU
		{0438FC8F-A32B-4D3B-9676-C4D92AF29175}.Debug|Any CPU.Build.0 = Debug|Any CPU
		{0438FC8F-A32B-4D3B-9676-C4D92AF29175}.Release|Any CPU.ActiveCfg = Release|Any CPU
		{0438FC8F-A32B-4D3B-9676-C4D92AF29175}.Release|Any CPU.Build.0 = Release|Any CPU
		{D8167C88-726E-440D-BD05-13FF7DC7DC51}.Debug|Any CPU.ActiveCfg = Debug|Any CPU
		{D8167C88-726E-440D-BD05-13FF7DC7DC51}.Debug|Any CPU.Build.0 = Debug|Any CPU
		{D8167C88-726E-440D-BD05-13FF7DC7DC51}.Release|Any CPU.ActiveCfg = Release|Any CPU
		{D8167C88-726E-440D-BD05-13FF7DC7DC51}.Release|Any CPU.Build.0 = Release|Any CPU
		{0DC3DECC-C153-4ED7-8EC7-39A3E3815040}.Debug|Any CPU.ActiveCfg = Debug|Any CPU
		{0DC3DECC-C153-4ED7-8EC7-39A3E3815040}.Debug|Any CPU.Build.0 = Debug|Any CPU
		{0DC3DECC-C153-4ED7-8EC7-39A3E3815040}.Release|Any CPU.ActiveCfg = Release|Any CPU
		{0DC3DECC-C153-4ED7-8EC7-39A3E3815040}.Release|Any CPU.Build.0 = Release|Any CPU
		{6D2E0C1D-C54D-4BE6-A2AC-E2FA3FED4236}.Debug|Any CPU.ActiveCfg = Debug|Any CPU
		{6D2E0C1D-C54D-4BE6-A2AC-E2FA3FED4236}.Debug|Any CPU.Build.0 = Debug|Any CPU
		{6D2E0C1D-C54D-4BE6-A2AC-E2FA3FED4236}.Release|Any CPU.ActiveCfg = Release|Any CPU
		{6D2E0C1D-C54D-4BE6-A2AC-E2FA3FED4236}.Release|Any CPU.Build.0 = Release|Any CPU
		{14049AB4-0842-4C7F-900F-9F08CC3580DB}.Debug|Any CPU.ActiveCfg = Debug|Any CPU
		{14049AB4-0842-4C7F-900F-9F08CC3580DB}.Debug|Any CPU.Build.0 = Debug|Any CPU
		{14049AB4-0842-4C7F-900F-9F08CC3580DB}.Release|Any CPU.ActiveCfg = Release|Any CPU
		{14049AB4-0842-4C7F-900F-9F08CC3580DB}.Release|Any CPU.Build.0 = Release|Any CPU
		{8E0C41B7-A9E8-441B-BEB7-9743B16D736D}.Debug|Any CPU.ActiveCfg = Debug|Any CPU
		{8E0C41B7-A9E8-441B-BEB7-9743B16D736D}.Debug|Any CPU.Build.0 = Debug|Any CPU
		{8E0C41B7-A9E8-441B-BEB7-9743B16D736D}.Release|Any CPU.ActiveCfg = Release|Any CPU
		{8E0C41B7-A9E8-441B-BEB7-9743B16D736D}.Release|Any CPU.Build.0 = Release|Any CPU
		{2308B308-E06D-40C7-8695-760B64CA09D1}.Debug|Any CPU.ActiveCfg = Debug|Any CPU
		{2308B308-E06D-40C7-8695-760B64CA09D1}.Debug|Any CPU.Build.0 = Debug|Any CPU
		{2308B308-E06D-40C7-8695-760B64CA09D1}.Release|Any CPU.ActiveCfg = Release|Any CPU
		{2308B308-E06D-40C7-8695-760B64CA09D1}.Release|Any CPU.Build.0 = Release|Any CPU
		{F9DC3731-AC8B-42FB-85DB-28B676D89EF5}.Debug|Any CPU.ActiveCfg = Debug|Any CPU
		{F9DC3731-AC8B-42FB-85DB-28B676D89EF5}.Debug|Any CPU.Build.0 = Debug|Any CPU
		{F9DC3731-AC8B-42FB-85DB-28B676D89EF5}.Release|Any CPU.ActiveCfg = Release|Any CPU
		{F9DC3731-AC8B-42FB-85DB-28B676D89EF5}.Release|Any CPU.Build.0 = Release|Any CPU
		{2E5C9787-254C-40BA-80BA-46C768C9CB3C}.Debug|Any CPU.ActiveCfg = Debug|Any CPU
		{2E5C9787-254C-40BA-80BA-46C768C9CB3C}.Debug|Any CPU.Build.0 = Debug|Any CPU
		{2E5C9787-254C-40BA-80BA-46C768C9CB3C}.Release|Any CPU.ActiveCfg = Release|Any CPU
		{2E5C9787-254C-40BA-80BA-46C768C9CB3C}.Release|Any CPU.Build.0 = Release|Any CPU
		{66CE5746-4E69-43A2-8708-B3A23677D46D}.Debug|Any CPU.ActiveCfg = Debug|Any CPU
		{66CE5746-4E69-43A2-8708-B3A23677D46D}.Debug|Any CPU.Build.0 = Debug|Any CPU
		{66CE5746-4E69-43A2-8708-B3A23677D46D}.Release|Any CPU.ActiveCfg = Release|Any CPU
		{66CE5746-4E69-43A2-8708-B3A23677D46D}.Release|Any CPU.Build.0 = Release|Any CPU
		{A208F486-5E3B-4754-A6FC-F96F50B88B4F}.Debug|Any CPU.ActiveCfg = Debug|Any CPU
		{A208F486-5E3B-4754-A6FC-F96F50B88B4F}.Debug|Any CPU.Build.0 = Debug|Any CPU
		{A208F486-5E3B-4754-A6FC-F96F50B88B4F}.Release|Any CPU.ActiveCfg = Release|Any CPU
		{A208F486-5E3B-4754-A6FC-F96F50B88B4F}.Release|Any CPU.Build.0 = Release|Any CPU
		{C215ED2E-306D-4228-8A7B-DEE0758F162D}.Debug|Any CPU.ActiveCfg = Debug|Any CPU
		{C215ED2E-306D-4228-8A7B-DEE0758F162D}.Debug|Any CPU.Build.0 = Debug|Any CPU
		{C215ED2E-306D-4228-8A7B-DEE0758F162D}.Release|Any CPU.ActiveCfg = Release|Any CPU
		{C215ED2E-306D-4228-8A7B-DEE0758F162D}.Release|Any CPU.Build.0 = Release|Any CPU
		{097A43EA-6D38-46B1-8AAA-F9720C5E5594}.Debug|Any CPU.ActiveCfg = Debug|Any CPU
		{097A43EA-6D38-46B1-8AAA-F9720C5E5594}.Debug|Any CPU.Build.0 = Debug|Any CPU
		{097A43EA-6D38-46B1-8AAA-F9720C5E5594}.Release|Any CPU.ActiveCfg = Release|Any CPU
		{097A43EA-6D38-46B1-8AAA-F9720C5E5594}.Release|Any CPU.Build.0 = Release|Any CPU
		{5E4042A4-7864-40F3-850D-85027190958F}.Debug|Any CPU.ActiveCfg = Debug|Any CPU
		{5E4042A4-7864-40F3-850D-85027190958F}.Debug|Any CPU.Build.0 = Debug|Any CPU
		{5E4042A4-7864-40F3-850D-85027190958F}.Release|Any CPU.ActiveCfg = Release|Any CPU
		{5E4042A4-7864-40F3-850D-85027190958F}.Release|Any CPU.Build.0 = Release|Any CPU
		{8EEF7553-825C-47FB-97D2-DC47AA945A11}.Debug|Any CPU.ActiveCfg = Debug|Any CPU
		{8EEF7553-825C-47FB-97D2-DC47AA945A11}.Debug|Any CPU.Build.0 = Debug|Any CPU
		{8EEF7553-825C-47FB-97D2-DC47AA945A11}.Release|Any CPU.ActiveCfg = Release|Any CPU
		{8EEF7553-825C-47FB-97D2-DC47AA945A11}.Release|Any CPU.Build.0 = Release|Any CPU
		{D546BC56-672B-490B-A234-2A95E4ADCD68}.Debug|Any CPU.ActiveCfg = Debug|Any CPU
		{D546BC56-672B-490B-A234-2A95E4ADCD68}.Debug|Any CPU.Build.0 = Debug|Any CPU
		{D546BC56-672B-490B-A234-2A95E4ADCD68}.Release|Any CPU.ActiveCfg = Release|Any CPU
		{D546BC56-672B-490B-A234-2A95E4ADCD68}.Release|Any CPU.Build.0 = Release|Any CPU
		{A73F8332-38D8-4F1E-BE8B-3FF1459FCD9C}.Debug|Any CPU.ActiveCfg = Debug|Any CPU
		{A73F8332-38D8-4F1E-BE8B-3FF1459FCD9C}.Debug|Any CPU.Build.0 = Debug|Any CPU
		{A73F8332-38D8-4F1E-BE8B-3FF1459FCD9C}.Release|Any CPU.ActiveCfg = Release|Any CPU
		{A73F8332-38D8-4F1E-BE8B-3FF1459FCD9C}.Release|Any CPU.Build.0 = Release|Any CPU
		{A315BD9D-A232-453B-8799-4CDA684C7933}.Debug|Any CPU.ActiveCfg = Debug|Any CPU
		{A315BD9D-A232-453B-8799-4CDA684C7933}.Debug|Any CPU.Build.0 = Debug|Any CPU
		{A315BD9D-A232-453B-8799-4CDA684C7933}.Release|Any CPU.ActiveCfg = Release|Any CPU
		{A315BD9D-A232-453B-8799-4CDA684C7933}.Release|Any CPU.Build.0 = Release|Any CPU
		{BE6DE3FC-0205-46B9-B957-C2D011E034A0}.Debug|Any CPU.ActiveCfg = Debug|Any CPU
		{BE6DE3FC-0205-46B9-B957-C2D011E034A0}.Debug|Any CPU.Build.0 = Debug|Any CPU
		{BE6DE3FC-0205-46B9-B957-C2D011E034A0}.Release|Any CPU.ActiveCfg = Release|Any CPU
		{BE6DE3FC-0205-46B9-B957-C2D011E034A0}.Release|Any CPU.Build.0 = Release|Any CPU
		{5D7F3648-F75D-40BD-8A07-69FAE4CD0512}.Debug|Any CPU.ActiveCfg = Debug|Any CPU
		{5D7F3648-F75D-40BD-8A07-69FAE4CD0512}.Debug|Any CPU.Build.0 = Debug|Any CPU
		{5D7F3648-F75D-40BD-8A07-69FAE4CD0512}.Release|Any CPU.ActiveCfg = Release|Any CPU
		{5D7F3648-F75D-40BD-8A07-69FAE4CD0512}.Release|Any CPU.Build.0 = Release|Any CPU
		{86F1368F-3676-465C-BDB0-C6907DF0ED48}.Debug|Any CPU.ActiveCfg = Debug|Any CPU
		{86F1368F-3676-465C-BDB0-C6907DF0ED48}.Debug|Any CPU.Build.0 = Debug|Any CPU
		{86F1368F-3676-465C-BDB0-C6907DF0ED48}.Release|Any CPU.ActiveCfg = Release|Any CPU
		{86F1368F-3676-465C-BDB0-C6907DF0ED48}.Release|Any CPU.Build.0 = Release|Any CPU
		{72E59545-E2F4-4B6C-9E8D-2249F40AB804}.Debug|Any CPU.ActiveCfg = Debug|Any CPU
		{72E59545-E2F4-4B6C-9E8D-2249F40AB804}.Debug|Any CPU.Build.0 = Debug|Any CPU
		{72E59545-E2F4-4B6C-9E8D-2249F40AB804}.Release|Any CPU.ActiveCfg = Release|Any CPU
		{72E59545-E2F4-4B6C-9E8D-2249F40AB804}.Release|Any CPU.Build.0 = Release|Any CPU
	EndGlobalSection
	GlobalSection(SolutionProperties) = preSolution
		HideSolutionNode = FALSE
	EndGlobalSection
	GlobalSection(NestedProjects) = preSolution
		{B13174EA-931D-4ADE-88F4-DD31938738AF} = {A9977326-09C8-4387-81FB-7364FFA0EC42}
		{C0C0DF26-A416-42EF-B712-92DAE53126E9} = {A9977326-09C8-4387-81FB-7364FFA0EC42}
		{19B5DCED-0E0C-4DFD-8FDE-5A62FF736DF4} = {36D591C7-65C7-A0D1-1CBC-10CDE441BDC8}
		{54BAF4B5-2869-45D6-AD38-82D6C7D60ECF} = {36D591C7-65C7-A0D1-1CBC-10CDE441BDC8}
		{0438FC8F-A32B-4D3B-9676-C4D92AF29175} = {36D591C7-65C7-A0D1-1CBC-10CDE441BDC8}
		{D8167C88-726E-440D-BD05-13FF7DC7DC51} = {36D591C7-65C7-A0D1-1CBC-10CDE441BDC8}
		{0DC3DECC-C153-4ED7-8EC7-39A3E3815040} = {36D591C7-65C7-A0D1-1CBC-10CDE441BDC8}
		{6D2E0C1D-C54D-4BE6-A2AC-E2FA3FED4236} = {36D591C7-65C7-A0D1-1CBC-10CDE441BDC8}
		{14049AB4-0842-4C7F-900F-9F08CC3580DB} = {A9977326-09C8-4387-81FB-7364FFA0EC42}
		{8E0C41B7-A9E8-441B-BEB7-9743B16D736D} = {A9977326-09C8-4387-81FB-7364FFA0EC42}
		{2308B308-E06D-40C7-8695-760B64CA09D1} = {A9977326-09C8-4387-81FB-7364FFA0EC42}
		{F9DC3731-AC8B-42FB-85DB-28B676D89EF5} = {A9977326-09C8-4387-81FB-7364FFA0EC42}
		{2E5C9787-254C-40BA-80BA-46C768C9CB3C} = {A9977326-09C8-4387-81FB-7364FFA0EC42}
		{66CE5746-4E69-43A2-8708-B3A23677D46D} = {36D591C7-65C7-A0D1-1CBC-10CDE441BDC8}
		{A208F486-5E3B-4754-A6FC-F96F50B88B4F} = {A9977326-09C8-4387-81FB-7364FFA0EC42}
		{C215ED2E-306D-4228-8A7B-DEE0758F162D} = {A9977326-09C8-4387-81FB-7364FFA0EC42}
		{097A43EA-6D38-46B1-8AAA-F9720C5E5594} = {A9977326-09C8-4387-81FB-7364FFA0EC42}
		{5E4042A4-7864-40F3-850D-85027190958F} = {36D591C7-65C7-A0D1-1CBC-10CDE441BDC8}
		{8EEF7553-825C-47FB-97D2-DC47AA945A11} = {A9977326-09C8-4387-81FB-7364FFA0EC42}
		{D546BC56-672B-490B-A234-2A95E4ADCD68} = {A9977326-09C8-4387-81FB-7364FFA0EC42}
		{A73F8332-38D8-4F1E-BE8B-3FF1459FCD9C} = {A9977326-09C8-4387-81FB-7364FFA0EC42}
		{A315BD9D-A232-453B-8799-4CDA684C7933} = {A9977326-09C8-4387-81FB-7364FFA0EC42}
		{BE6DE3FC-0205-46B9-B957-C2D011E034A0} = {36D591C7-65C7-A0D1-1CBC-10CDE441BDC8}
		{5D7F3648-F75D-40BD-8A07-69FAE4CD0512} = {36D591C7-65C7-A0D1-1CBC-10CDE441BDC8}
		{86F1368F-3676-465C-BDB0-C6907DF0ED48} = {A9977326-09C8-4387-81FB-7364FFA0EC42}
		{72E59545-E2F4-4B6C-9E8D-2249F40AB804} = {36D591C7-65C7-A0D1-1CBC-10CDE441BDC8}
	EndGlobalSection
	GlobalSection(ExtensibilityGlobals) = postSolution
		SolutionGuid = {BD39E1E8-3A73-4FBF-9813-2C945A0B3296}
	EndGlobalSection
EndGlobal
